
Microsoft Visual Studio Solution File, Format Version 12.00
# Visual Studio Version 17
VisualStudioVersion = 17.13.35825.156
MinimumVisualStudioVersion = 10.0.40219.1
Project("{2150E333-8FDC-42A3-9474-1A3956D46DE8}") = "Services", "Services", "{02EA681E-C7D8-13C7-8484-4AC65E1B71E8}"
EndProject
Project("{2150E333-8FDC-42A3-9474-1A3956D46DE8}") = "Sheard", "Sheard", "{FF2B4410-73EC-4F45-8A19-084A17F215A2}"
EndProject
Project("{2150E333-8FDC-42A3-9474-1A3956D46DE8}") = "Auth", "Auth", "{B7C30FA5-97BC-4A57-8D9B-617B356D6308}"
EndProject
Project("{2150E333-8FDC-42A3-9474-1A3956D46DE8}") = "Core", "Core", "{42E9735B-2798-42BC-A355-3EAC76FEDBC7}"
EndProject
Project("{2150E333-8FDC-42A3-9474-1A3956D46DE8}") = "Infrastructure", "Infrastructure", "{DC63A710-C549-421B-BF1B-99569344A25D}"
EndProject
Project("{FAE04EC0-301F-11D3-BF4B-00C04F79EFBC}") = "AiDemo.Auth.Domain", "Services\Auth\Core\AiDemo.Auth.Domain\AiDemo.Auth.Domain.csproj", "{F41A4C90-A687-486F-A68E-1B07492A5E6E}"
EndProject
Project("{FAE04EC0-301F-11D3-BF4B-00C04F79EFBC}") = "AiDemo.SharedLiblary", "Shared\AiDemo.SharedLiblary\AiDemo.SharedLiblary.csproj", "{37F7893F-3F9F-4999-B924-D40591759E40}"
EndProject
Project("{2150E333-8FDC-42A3-9474-1A3956D46DE8}") = "Catalog", "Catalog", "{F0CC756E-1B01-4450-83F9-72C56349133B}"
EndProject
Project("{2150E333-8FDC-42A3-9474-1A3956D46DE8}") = "Core", "Core", "{96A798AF-389C-46DD-9A86-8A2513F3E8A5}"
EndProject
Project("{2150E333-8FDC-42A3-9474-1A3956D46DE8}") = "Infrastructure", "Infrastructure", "{6C357947-EA8D-4BAB-9290-BF6DC9CB4524}"
EndProject
Project("{2150E333-8FDC-42A3-9474-1A3956D46DE8}") = "Presentation", "Presentation", "{F9F443DC-4ACC-4FFB-92EA-2B865D369EDC}"
EndProject
Project("{FAE04EC0-301F-11D3-BF4B-00C04F79EFBC}") = "AiDemi.Catalog.PresentationAPI", "Services\Catalog\Presentation\AiDemi.Catalog.PresentationAPI\AiDemi.Catalog.PresentationAPI.csproj", "{9062112B-AD0C-412F-98E5-CD42AA98FF01}"
EndProject
Project("{FAE04EC0-301F-11D3-BF4B-00C04F79EFBC}") = "AiDemo.Catalog.Domain", "Services\Catalog\Core\AiDemo.Catalog.Domain\AiDemo.Catalog.Domain.csproj", "{FE350CA4-C1F6-41BF-9997-A92C33DDC169}"
EndProject
Project("{2150E333-8FDC-42A3-9474-1A3956D46DE8}") = "Persistence", "Persistence", "{6EE6048D-BA5F-49EB-9643-BC58ADAC1C54}"
EndProject
Project("{FAE04EC0-301F-11D3-BF4B-00C04F79EFBC}") = "AiDemo.Catalog.Persistence", "Services\Catalog\Infrastructure\Persistence\AiDemo.Catalog.Persistence\AiDemo.Catalog.Persistence.csproj", "{001AC64B-B400-407E-9B78-B89491F7692D}"
EndProject
Global
	GlobalSection(SolutionConfigurationPlatforms) = preSolution
		Debug|Any CPU = Debug|Any CPU
		Release|Any CPU = Release|Any CPU
	EndGlobalSection
	GlobalSection(ProjectConfigurationPlatforms) = postSolution
		{F41A4C90-A687-486F-A68E-1B07492A5E6E}.Debug|Any CPU.ActiveCfg = Debug|Any CPU
		{F41A4C90-A687-486F-A68E-1B07492A5E6E}.Debug|Any CPU.Build.0 = Debug|Any CPU
		{F41A4C90-A687-486F-A68E-1B07492A5E6E}.Release|Any CPU.ActiveCfg = Release|Any CPU
		{F41A4C90-A687-486F-A68E-1B07492A5E6E}.Release|Any CPU.Build.0 = Release|Any CPU
		{37F7893F-3F9F-4999-B924-D40591759E40}.Debug|Any CPU.ActiveCfg = Debug|Any CPU
		{37F7893F-3F9F-4999-B924-D40591759E40}.Debug|Any CPU.Build.0 = Debug|Any CPU
		{37F7893F-3F9F-4999-B924-D40591759E40}.Release|Any CPU.ActiveCfg = Release|Any CPU
		{37F7893F-3F9F-4999-B924-D40591759E40}.Release|Any CPU.Build.0 = Release|Any CPU
		{9062112B-AD0C-412F-98E5-CD42AA98FF01}.Debug|Any CPU.ActiveCfg = Debug|Any CPU
		{9062112B-AD0C-412F-98E5-CD42AA98FF01}.Debug|Any CPU.Build.0 = Debug|Any CPU
		{9062112B-AD0C-412F-98E5-CD42AA98FF01}.Release|Any CPU.ActiveCfg = Release|Any CPU
		{9062112B-AD0C-412F-98E5-CD42AA98FF01}.Release|Any CPU.Build.0 = Release|Any CPU
		{FE350CA4-C1F6-41BF-9997-A92C33DDC169}.Debug|Any CPU.ActiveCfg = Debug|Any CPU
		{FE350CA4-C1F6-41BF-9997-A92C33DDC169}.Debug|Any CPU.Build.0 = Debug|Any CPU
		{FE350CA4-C1F6-41BF-9997-A92C33DDC169}.Release|Any CPU.ActiveCfg = Release|Any CPU
		{FE350CA4-C1F6-41BF-9997-A92C33DDC169}.Release|Any CPU.Build.0 = Release|Any CPU
		{001AC64B-B400-407E-9B78-B89491F7692D}.Debug|Any CPU.ActiveCfg = Debug|Any CPU
		{001AC64B-B400-407E-9B78-B89491F7692D}.Debug|Any CPU.Build.0 = Debug|Any CPU
		{001AC64B-B400-407E-9B78-B89491F7692D}.Release|Any CPU.ActiveCfg = Release|Any CPU
		{001AC64B-B400-407E-9B78-B89491F7692D}.Release|Any CPU.Build.0 = Release|Any CPU
	EndGlobalSection
	GlobalSection(SolutionProperties) = preSolution
		HideSolutionNode = FALSE
	EndGlobalSection
	GlobalSection(NestedProjects) = preSolution
		{B7C30FA5-97BC-4A57-8D9B-617B356D6308} = {02EA681E-C7D8-13C7-8484-4AC65E1B71E8}
		{42E9735B-2798-42BC-A355-3EAC76FEDBC7} = {B7C30FA5-97BC-4A57-8D9B-617B356D6308}
		{DC63A710-C549-421B-BF1B-99569344A25D} = {B7C30FA5-97BC-4A57-8D9B-617B356D6308}
		{F41A4C90-A687-486F-A68E-1B07492A5E6E} = {42E9735B-2798-42BC-A355-3EAC76FEDBC7}
		{37F7893F-3F9F-4999-B924-D40591759E40} = {FF2B4410-73EC-4F45-8A19-084A17F215A2}
		{F0CC756E-1B01-4450-83F9-72C56349133B} = {02EA681E-C7D8-13C7-8484-4AC65E1B71E8}
		{96A798AF-389C-46DD-9A86-8A2513F3E8A5} = {F0CC756E-1B01-4450-83F9-72C56349133B}
		{6C357947-EA8D-4BAB-9290-BF6DC9CB4524} = {F0CC756E-1B01-4450-83F9-72C56349133B}
		{F9F443DC-4ACC-4FFB-92EA-2B865D369EDC} = {F0CC756E-1B01-4450-83F9-72C56349133B}
		{9062112B-AD0C-412F-98E5-CD42AA98FF01} = {F9F443DC-4ACC-4FFB-92EA-2B865D369EDC}
		{FE350CA4-C1F6-41BF-9997-A92C33DDC169} = {96A798AF-389C-46DD-9A86-8A2513F3E8A5}
		{6EE6048D-BA5F-49EB-9643-BC58ADAC1C54} = {6C357947-EA8D-4BAB-9290-BF6DC9CB4524}
		{001AC64B-B400-407E-9B78-B89491F7692D} = {6EE6048D-BA5F-49EB-9643-BC58ADAC1C54}
	EndGlobalSection
	GlobalSection(ExtensibilityGlobals) = postSolution
		SolutionGuid = {89353E61-A778-4957-BE9C-8567A8AE2818}
	EndGlobalSection
EndGlobal
